// !$*UTF8*$!
{
	archiveVersion = 1;
	classes = {
	};
	objectVersion = 50;
	objects = {

/* Begin PBXBuildFile section */
		201E12D723B35C330083EF09 /* AppDelegate.swift in Sources */ = {isa = PBXBuildFile; fileRef = 201E12D623B35C330083EF09 /* AppDelegate.swift */; };
		201E12D923B35C330083EF09 /* SceneDelegate.swift in Sources */ = {isa = PBXBuildFile; fileRef = 201E12D823B35C330083EF09 /* SceneDelegate.swift */; };
		201E12DE23B35C330083EF09 /* Main.storyboard in Resources */ = {isa = PBXBuildFile; fileRef = 201E12DC23B35C330083EF09 /* Main.storyboard */; };
		201E12E023B35C360083EF09 /* Assets.xcassets in Resources */ = {isa = PBXBuildFile; fileRef = 201E12DF23B35C360083EF09 /* Assets.xcassets */; };
		201E12E323B35C360083EF09 /* LaunchScreen.storyboard in Resources */ = {isa = PBXBuildFile; fileRef = 201E12E123B35C360083EF09 /* LaunchScreen.storyboard */; };
		201E12EE23B35C360083EF09 /* DYZBTests.swift in Sources */ = {isa = PBXBuildFile; fileRef = 201E12ED23B35C360083EF09 /* DYZBTests.swift */; };
		201E12F923B35C370083EF09 /* DYZBUITests.swift in Sources */ = {isa = PBXBuildFile; fileRef = 201E12F823B35C370083EF09 /* DYZBUITests.swift */; };
/* End PBXBuildFile section */

/* Begin PBXContainerItemProxy section */
		201E12EA23B35C360083EF09 /* PBXContainerItemProxy */ = {
			isa = PBXContainerItemProxy;
			containerPortal = 201E12CB23B35C330083EF09 /* Project object */;
			proxyType = 1;
			remoteGlobalIDString = 201E12D223B35C330083EF09;
			remoteInfo = DYZB;
		};
		201E12F523B35C370083EF09 /* PBXContainerItemProxy */ = {
			isa = PBXContainerItemProxy;
			containerPortal = 201E12CB23B35C330083EF09 /* Project object */;
			proxyType = 1;
			remoteGlobalIDString = 201E12D223B35C330083EF09;
			remoteInfo = DYZB;
		};
/* End PBXContainerItemProxy section */

/* Begin PBXFileReference section */
		201E12D323B35C330083EF09 /* DYZB.app */ = {isa = PBXFileReference; explicitFileType = wrapper.application; includeInIndex = 0; path = DYZB.app; sourceTree = BUILT_PRODUCTS_DIR; };
		201E12D623B35C330083EF09 /* AppDelegate.swift */ = {isa = PBXFileReference; lastKnownFileType = sourcecode.swift; path = AppDelegate.swift; sourceTree = "<group>"; };
		201E12D823B35C330083EF09 /* SceneDelegate.swift */ = {isa = PBXFileReference; lastKnownFileType = sourcecode.swift; path = SceneDelegate.swift; sourceTree = "<group>"; };
		201E12DD23B35C330083EF09 /* Base */ = {isa = PBXFileReference; lastKnownFileType = file.storyboard; name = Base; path = Base.lproj/Main.storyboard; sourceTree = "<group>"; };
		201E12DF23B35C360083EF09 /* Assets.xcassets */ = {isa = PBXFileReference; lastKnownFileType = folder.assetcatalog; path = Assets.xcassets; sourceTree = "<group>"; };
		201E12E223B35C360083EF09 /* Base */ = {isa = PBXFileReference; lastKnownFileType = file.storyboard; name = Base; path = Base.lproj/LaunchScreen.storyboard; sourceTree = "<group>"; };
		201E12E423B35C360083EF09 /* Info.plist */ = {isa = PBXFileReference; lastKnownFileType = text.plist.xml; path = Info.plist; sourceTree = "<group>"; };
		201E12E923B35C360083EF09 /* DYZBTests.xctest */ = {isa = PBXFileReference; explicitFileType = wrapper.cfbundle; includeInIndex = 0; path = DYZBTests.xctest; sourceTree = BUILT_PRODUCTS_DIR; };
		201E12ED23B35C360083EF09 /* DYZBTests.swift */ = {isa = PBXFileReference; lastKnownFileType = sourcecode.swift; path = DYZBTests.swift; sourceTree = "<group>"; };
		201E12EF23B35C360083EF09 /* Info.plist */ = {isa = PBXFileReference; lastKnownFileType = text.plist.xml; path = Info.plist; sourceTree = "<group>"; };
		201E12F423B35C370083EF09 /* DYZBUITests.xctest */ = {isa = PBXFileReference; explicitFileType = wrapper.cfbundle; includeInIndex = 0; path = DYZBUITests.xctest; sourceTree = BUILT_PRODUCTS_DIR; };
		201E12F823B35C370083EF09 /* DYZBUITests.swift */ = {isa = PBXFileReference; lastKnownFileType = sourcecode.swift; path = DYZBUITests.swift; sourceTree = "<group>"; };
		201E12FA23B35C370083EF09 /* Info.plist */ = {isa = PBXFileReference; lastKnownFileType = text.plist.xml; path = Info.plist; sourceTree = "<group>"; };
/* End PBXFileReference section */

/* Begin PBXFrameworksBuildPhase section */
		201E12D023B35C330083EF09 /* Frameworks */ = {
			isa = PBXFrameworksBuildPhase;
			buildActionMask = 2147483647;
			files = (
			);
			runOnlyForDeploymentPostprocessing = 0;
		};
		201E12E623B35C360083EF09 /* Frameworks */ = {
			isa = PBXFrameworksBuildPhase;
			buildActionMask = 2147483647;
			files = (
			);
			runOnlyForDeploymentPostprocessing = 0;
		};
		201E12F123B35C370083EF09 /* Frameworks */ = {
			isa = PBXFrameworksBuildPhase;
			buildActionMask = 2147483647;
			files = (
			);
			runOnlyForDeploymentPostprocessing = 0;
		};
/* End PBXFrameworksBuildPhase section */

/* Begin PBXGroup section */
		201E12CA23B35C330083EF09 = {
			isa = PBXGroup;
			children = (
				201E12D523B35C330083EF09 /* DYZB */,
				201E12EC23B35C360083EF09 /* DYZBTests */,
				201E12F723B35C370083EF09 /* DYZBUITests */,
				201E12D423B35C330083EF09 /* Products */,
			);
			sourceTree = "<group>";
		};
		201E12D423B35C330083EF09 /* Products */ = {
			isa = PBXGroup;
			children = (
				201E12D323B35C330083EF09 /* DYZB.app */,
				201E12E923B35C360083EF09 /* DYZBTests.xctest */,
				201E12F423B35C370083EF09 /* DYZBUITests.xctest */,
			);
			name = Products;
			sourceTree = "<group>";
		};
		201E12D523B35C330083EF09 /* DYZB */ = {
			isa = PBXGroup;
			children = (
				201E130623B361C90083EF09 /* class */,
				201E12D623B35C330083EF09 /* AppDelegate.swift */,
				201E12D823B35C330083EF09 /* SceneDelegate.swift */,
				201E12DC23B35C330083EF09 /* Main.storyboard */,
				201E12DF23B35C360083EF09 /* Assets.xcassets */,
				201E12E123B35C360083EF09 /* LaunchScreen.storyboard */,
				201E12E423B35C360083EF09 /* Info.plist */,
			);
			path = DYZB;
			sourceTree = "<group>";
		};
		201E12EC23B35C360083EF09 /* DYZBTests */ = {
			isa = PBXGroup;
			children = (
				201E12ED23B35C360083EF09 /* DYZBTests.swift */,
				201E12EF23B35C360083EF09 /* Info.plist */,
			);
			path = DYZBTests;
			sourceTree = "<group>";
		};
		201E12F723B35C370083EF09 /* DYZBUITests */ = {
			isa = PBXGroup;
			children = (
				201E12F823B35C370083EF09 /* DYZBUITests.swift */,
				201E12FA23B35C370083EF09 /* Info.plist */,
			);
			path = DYZBUITests;
			sourceTree = "<group>";
		};
		201E130623B361C90083EF09 /* class */ = {
			isa = PBXGroup;
			children = (
				201E130723B361C90083EF09 /* home */,
				201E130823B361C90083EF09 /* tools */,
				201E130923B361C90083EF09 /* follow */,
				201E130A23B361C90083EF09 /* profile */,
				201E130B23B361C90083EF09 /* live */,
				201E130C23B361C90083EF09 /* main */,
			);
			path = class;
			sourceTree = "<group>";
		};
		201E130723B361C90083EF09 /* home */ = {
			isa = PBXGroup;
			children = (
			);
			path = home;
			sourceTree = "<group>";
		};
		201E130823B361C90083EF09 /* tools */ = {
			isa = PBXGroup;
			children = (
			);
			path = tools;
			sourceTree = "<group>";
		};
		201E130923B361C90083EF09 /* follow */ = {
			isa = PBXGroup;
			children = (
			);
			path = follow;
			sourceTree = "<group>";
		};
		201E130A23B361C90083EF09 /* profile */ = {
			isa = PBXGroup;
			children = (
			);
			path = profile;
			sourceTree = "<group>";
		};
		201E130B23B361C90083EF09 /* live */ = {
			isa = PBXGroup;
			children = (
			);
			path = live;
			sourceTree = "<group>";
		};
		201E130C23B361C90083EF09 /* main */ = {
			isa = PBXGroup;
			children = (
			);
			path = main;
			sourceTree = "<group>";
		};
/* End PBXGroup section */

/* Begin PBXNativeTarget section */
		201E12D223B35C330083EF09 /* DYZB */ = {
			isa = PBXNativeTarget;
			buildConfigurationList = 201E12FD23B35C370083EF09 /* Build configuration list for PBXNativeTarget "DYZB" */;
			buildPhases = (
				201E12CF23B35C330083EF09 /* Sources */,
				201E12D023B35C330083EF09 /* Frameworks */,
				201E12D123B35C330083EF09 /* Resources */,
			);
			buildRules = (
			);
			dependencies = (
			);
			name = DYZB;
			productName = DYZB;
			productReference = 201E12D323B35C330083EF09 /* DYZB.app */;
			productType = "com.apple.product-type.application";
		};
		201E12E823B35C360083EF09 /* DYZBTests */ = {
			isa = PBXNativeTarget;
			buildConfigurationList = 201E130023B35C370083EF09 /* Build configuration list for PBXNativeTarget "DYZBTests" */;
			buildPhases = (
				201E12E523B35C360083EF09 /* Sources */,
				201E12E623B35C360083EF09 /* Frameworks */,
				201E12E723B35C360083EF09 /* Resources */,
			);
			buildRules = (
			);
			dependencies = (
				201E12EB23B35C360083EF09 /* PBXTargetDependency */,
			);
			name = DYZBTests;
			productName = DYZBTests;
			productReference = 201E12E923B35C360083EF09 /* DYZBTests.xctest */;
			productType = "com.apple.product-type.bundle.unit-test";
		};
		201E12F323B35C370083EF09 /* DYZBUITests */ = {
			isa = PBXNativeTarget;
			buildConfigurationList = 201E130323B35C370083EF09 /* Build configuration list for PBXNativeTarget "DYZBUITests" */;
			buildPhases = (
				201E12F023B35C370083EF09 /* Sources */,
				201E12F123B35C370083EF09 /* Frameworks */,
				201E12F223B35C370083EF09 /* Resources */,
			);
			buildRules = (
			);
			dependencies = (
				201E12F623B35C370083EF09 /* PBXTargetDependency */,
			);
			name = DYZBUITests;
			productName = DYZBUITests;
			productReference = 201E12F423B35C370083EF09 /* DYZBUITests.xctest */;
			productType = "com.apple.product-type.bundle.ui-testing";
		};
/* End PBXNativeTarget section */

/* Begin PBXProject section */
		201E12CB23B35C330083EF09 /* Project object */ = {
			isa = PBXProject;
			attributes = {
				LastSwiftUpdateCheck = 1130;
				LastUpgradeCheck = 1130;
				ORGANIZATIONNAME = ZhongDe;
				TargetAttributes = {
					201E12D223B35C330083EF09 = {
						CreatedOnToolsVersion = 11.3;
					};
					201E12E823B35C360083EF09 = {
						CreatedOnToolsVersion = 11.3;
						TestTargetID = 201E12D223B35C330083EF09;
					};
					201E12F323B35C370083EF09 = {
						CreatedOnToolsVersion = 11.3;
						TestTargetID = 201E12D223B35C330083EF09;
					};
				};
			};
			buildConfigurationList = 201E12CE23B35C330083EF09 /* Build configuration list for PBXProject "DYZB" */;
			compatibilityVersion = "Xcode 9.3";
			developmentRegion = en;
			hasScannedForEncodings = 0;
			knownRegions = (
				en,
				Base,
			);
			mainGroup = 201E12CA23B35C330083EF09;
			productRefGroup = 201E12D423B35C330083EF09 /* Products */;
			projectDirPath = "";
			projectRoot = "";
			targets = (
				201E12D223B35C330083EF09 /* DYZB */,
				201E12E823B35C360083EF09 /* DYZBTests */,
				201E12F323B35C370083EF09 /* DYZBUITests */,
			);
		};
/* End PBXProject section */

/* Begin PBXResourcesBuildPhase section */
		201E12D123B35C330083EF09 /* Resources */ = {
			isa = PBXResourcesBuildPhase;
			buildActionMask = 2147483647;
			files = (
				201E12E323B35C360083EF09 /* LaunchScreen.storyboard in Resources */,
				201E12E023B35C360083EF09 /* Assets.xcassets in Resources */,
				201E12DE23B35C330083EF09 /* Main.storyboard in Resources */,
			);
			runOnlyForDeploymentPostprocessing = 0;
		};
		201E12E723B35C360083EF09 /* Resources */ = {
			isa = PBXResourcesBuildPhase;
			buildActionMask = 2147483647;
			files = (
			);
			runOnlyForDeploymentPostprocessing = 0;
		};
		201E12F223B35C370083EF09 /* Resources */ = {
			isa = PBXResourcesBuildPhase;
			buildActionMask = 2147483647;
			files = (
			);
			runOnlyForDeploymentPostprocessing = 0;
		};
/* End PBXResourcesBuildPhase section */

/* Begin PBXSourcesBuildPhase section */
		201E12CF23B35C330083EF09 /* Sources */ = {
			isa = PBXSourcesBuildPhase;
			buildActionMask = 2147483647;
			files = (
				201E12D723B35C330083EF09 /* AppDelegate.swift in Sources */,
				201E12D923B35C330083EF09 /* SceneDelegate.swift in Sources */,
			);
			runOnlyForDeploymentPostprocessing = 0;
		};
		201E12E523B35C360083EF09 /* Sources */ = {
			isa = PBXSourcesBuildPhase;
			buildActionMask = 2147483647;
			files = (
				201E12EE23B35C360083EF09 /* DYZBTests.swift in Sources */,
			);
			runOnlyForDeploymentPostprocessing = 0;
		};
		201E12F023B35C370083EF09 /* Sources */ = {
			isa = PBXSourcesBuildPhase;
			buildActionMask = 2147483647;
			files = (
				201E12F923B35C370083EF09 /* DYZBUITests.swift in Sources */,
			);
			runOnlyForDeploymentPostprocessing = 0;
		};
/* End PBXSourcesBuildPhase section */

/* Begin PBXTargetDependency section */
		201E12EB23B35C360083EF09 /* PBXTargetDependency */ = {
			isa = PBXTargetDependency;
			target = 201E12D223B35C330083EF09 /* DYZB */;
			targetProxy = 201E12EA23B35C360083EF09 /* PBXContainerItemProxy */;
		};
		201E12F623B35C370083EF09 /* PBXTargetDependency */ = {
			isa = PBXTargetDependency;
			target = 201E12D223B35C330083EF09 /* DYZB */;
			targetProxy = 201E12F523B35C370083EF09 /* PBXContainerItemProxy */;
		};
/* End PBXTargetDependency section */

/* Begin PBXVariantGroup section */
		201E12DC23B35C330083EF09 /* Main.storyboard */ = {
			isa = PBXVariantGroup;
			children = (
				201E12DD23B35C330083EF09 /* Base */,
			);
			name = Main.storyboard;
			sourceTree = "<group>";
		};
		201E12E123B35C360083EF09 /* LaunchScreen.storyboard */ = {
			isa = PBXVariantGroup;
			children = (
				201E12E223B35C360083EF09 /* Base */,
			);
			name = LaunchScreen.storyboard;
			sourceTree = "<group>";
		};
/* End PBXVariantGroup section */

/* Begin XCBuildConfiguration section */
		201E12FB23B35C370083EF09 /* Debug */ = {
			isa = XCBuildConfiguration;
			buildSettings = {
				ALWAYS_SEARCH_USER_PATHS = NO;
				CLANG_ANALYZER_NONNULL = YES;
				CLANG_ANALYZER_NUMBER_OBJECT_CONVERSION = YES_AGGRESSIVE;
				CLANG_CXX_LANGUAGE_STANDARD = "gnu++14";
				CLANG_CXX_LIBRARY = "libc++";
				CLANG_ENABLE_MODULES = YES;
				CLANG_ENABLE_OBJC_ARC = YES;
				CLANG_ENABLE_OBJC_WEAK = YES;
				CLANG_WARN_BLOCK_CAPTURE_AUTORELEASING = YES;
				CLANG_WARN_BOOL_CONVERSION = YES;
				CLANG_WARN_COMMA = YES;
				CLANG_WARN_CONSTANT_CONVERSION = YES;
				CLANG_WARN_DEPRECATED_OBJC_IMPLEMENTATIONS = YES;
				CLANG_WARN_DIRECT_OBJC_ISA_USAGE = YES_ERROR;
				CLANG_WARN_DOCUMENTATION_COMMENTS = YES;
				CLANG_WARN_EMPTY_BODY = YES;
				CLANG_WARN_ENUM_CONVERSION = YES;
				CLANG_WARN_INFINITE_RECURSION = YES;
				CLANG_WARN_INT_CONVERSION = YES;
				CLANG_WARN_NON_LITERAL_NULL_CONVERSION = YES;
				CLANG_WARN_OBJC_IMPLICIT_RETAIN_SELF = YES;
				CLANG_WARN_OBJC_LITERAL_CONVERSION = YES;
				CLANG_WARN_OBJC_ROOT_CLASS = YES_ERROR;
				CLANG_WARN_RANGE_LOOP_ANALYSIS = YES;
				CLANG_WARN_STRICT_PROTOTYPES = YES;
				CLANG_WARN_SUSPICIOUS_MOVE = YES;
				CLANG_WARN_UNGUARDED_AVAILABILITY = YES_AGGRESSIVE;
				CLANG_WARN_UNREACHABLE_CODE = YES;
				CLANG_WARN__DUPLICATE_METHOD_MATCH = YES;
				COPY_PHASE_STRIP = NO;
				DEBUG_INFORMATION_FORMAT = dwarf;
				ENABLE_STRICT_OBJC_MSGSEND = YES;
				ENABLE_TESTABILITY = YES;
				GCC_C_LANGUAGE_STANDARD = gnu11;
				GCC_DYNAMIC_NO_PIC = NO;
				GCC_NO_COMMON_BLOCKS = YES;
				GCC_OPTIMIZATION_LEVEL = 0;
				GCC_PREPROCESSOR_DEFINITIONS = (
					"DEBUG=1",
					"$(inherited)",
				);
				GCC_WARN_64_TO_32_BIT_CONVERSION = YES;
				GCC_WARN_ABOUT_RETURN_TYPE = YES_ERROR;
				GCC_WARN_UNDECLARED_SELECTOR = YES;
				GCC_WARN_UNINITIALIZED_AUTOS = YES_AGGRESSIVE;
				GCC_WARN_UNUSED_FUNCTION = YES;
				GCC_WARN_UNUSED_VARIABLE = YES;
				IPHONEOS_DEPLOYMENT_TARGET = 13.2;
				MTL_ENABLE_DEBUG_INFO = INCLUDE_SOURCE;
				MTL_FAST_MATH = YES;
				ONLY_ACTIVE_ARCH = YES;
				SDKROOT = iphoneos;
				SWIFT_ACTIVE_COMPILATION_CONDITIONS = DEBUG;
				SWIFT_OPTIMIZATION_LEVEL = "-Onone";
			};
			name = Debug;
		};
		201E12FC23B35C370083EF09 /* Release */ = {
			isa = XCBuildConfiguration;
			buildSettings = {
				ALWAYS_SEARCH_USER_PATHS = NO;
				CLANG_ANALYZER_NONNULL = YES;
				CLANG_ANALYZER_NUMBER_OBJECT_CONVERSION = YES_AGGRESSIVE;
				CLANG_CXX_LANGUAGE_STANDARD = "gnu++14";
				CLANG_CXX_LIBRARY = "libc++";
				CLANG_ENABLE_MODULES = YES;
				CLANG_ENABLE_OBJC_ARC = YES;
				CLANG_ENABLE_OBJC_WEAK = YES;
				CLANG_WARN_BLOCK_CAPTURE_AUTORELEASING = YES;
				CLANG_WARN_BOOL_CONVERSION = YES;
				CLANG_WARN_COMMA = YES;
				CLANG_WARN_CONSTANT_CONVERSION = YES;
				CLANG_WARN_DEPRECATED_OBJC_IMPLEMENTATIONS = YES;
				CLANG_WARN_DIRECT_OBJC_ISA_USAGE = YES_ERROR;
				CLANG_WARN_DOCUMENTATION_COMMENTS = YES;
				CLANG_WARN_EMPTY_BODY = YES;
				CLANG_WARN_ENUM_CONVERSION = YES;
				CLANG_WARN_INFINITE_RECURSION = YES;
				CLANG_WARN_INT_CONVERSION = YES;
				CLANG_WARN_NON_LITERAL_NULL_CONVERSION = YES;
				CLANG_WARN_OBJC_IMPLICIT_RETAIN_SELF = YES;
				CLANG_WARN_OBJC_LITERAL_CONVERSION = YES;
				CLANG_WARN_OBJC_ROOT_CLASS = YES_ERROR;
				CLANG_WARN_RANGE_LOOP_ANALYSIS = YES;
				CLANG_WARN_STRICT_PROTOTYPES = YES;
				CLANG_WARN_SUSPICIOUS_MOVE = YES;
				CLANG_WARN_UNGUARDED_AVAILABILITY = YES_AGGRESSIVE;
				CLANG_WARN_UNREACHABLE_CODE = YES;
				CLANG_WARN__DUPLICATE_METHOD_MATCH = YES;
				COPY_PHASE_STRIP = NO;
				DEBUG_INFORMATION_FORMAT = "dwarf-with-dsym";
				ENABLE_NS_ASSERTIONS = NO;
				ENABLE_STRICT_OBJC_MSGSEND = YES;
				GCC_C_LANGUAGE_STANDARD = gnu11;
				GCC_NO_COMMON_BLOCKS = YES;
				GCC_WARN_64_TO_32_BIT_CONVERSION = YES;
				GCC_WARN_ABOUT_RETURN_TYPE = YES_ERROR;
				GCC_WARN_UNDECLARED_SELECTOR = YES;
				GCC_WARN_UNINITIALIZED_AUTOS = YES_AGGRESSIVE;
				GCC_WARN_UNUSED_FUNCTION = YES;
				GCC_WARN_UNUSED_VARIABLE = YES;
				IPHONEOS_DEPLOYMENT_TARGET = 13.2;
				MTL_ENABLE_DEBUG_INFO = NO;
				MTL_FAST_MATH = YES;
				SDKROOT = iphoneos;
				SWIFT_COMPILATION_MODE = wholemodule;
				SWIFT_OPTIMIZATION_LEVEL = "-O";
				VALIDATE_PRODUCT = YES;
			};
			name = Release;
		};
		201E12FE23B35C370083EF09 /* Debug */ = {
			isa = XCBuildConfiguration;
			buildSettings = {
				ASSETCATALOG_COMPILER_APPICON_NAME = AppIcon;
				CODE_SIGN_STYLE = Automatic;
				DEVELOPMENT_TEAM = 6GLCMX2JQ2;
				INFOPLIST_FILE = DYZB/Info.plist;
				LD_RUNPATH_SEARCH_PATHS = (
					"$(inherited)",
					"@executable_path/Frameworks",
				);
				PRODUCT_BUNDLE_IDENTIFIER = com.ZhongDe.DYZB;
				PRODUCT_NAME = "$(TARGET_NAME)";
				SWIFT_VERSION = 5.0;
				TARGETED_DEVICE_FAMILY = 1;
			};
			name = Debug;
		};
		201E12FF23B35C370083EF09 /* Release */ = {
			isa = XCBuildConfiguration;
			buildSettings = {
				ASSETCATALOG_COMPILER_APPICON_NAME = AppIcon;
				CODE_SIGN_STYLE = Automatic;
				DEVELOPMENT_TEAM = 6GLCMX2JQ2;
				INFOPLIST_FILE = DYZB/Info.plist;
				LD_RUNPATH_SEARCH_PATHS = (
					"$(inherited)",
					"@executable_path/Frameworks",
				);
				PRODUCT_BUNDLE_IDENTIFIER = com.ZhongDe.DYZB;
				PRODUCT_NAME = "$(TARGET_NAME)";
				SWIFT_VERSION = 5.0;
				TARGETED_DEVICE_FAMILY = 1;
			};
			name = Release;
		};
		201E130123B35C370083EF09 /* Debug */ = {
			isa = XCBuildConfiguration;
			buildSettings = {
				ALWAYS_EMBED_SWIFT_STANDARD_LIBRARIES = YES;
				BUNDLE_LOADER = "$(TEST_HOST)";
				CODE_SIGN_STYLE = Automatic;
				DEVELOPMENT_TEAM = 6GLCMX2JQ2;
				INFOPLIST_FILE = DYZBTests/Info.plist;
				IPHONEOS_DEPLOYMENT_TARGET = 13.2;
				LD_RUNPATH_SEARCH_PATHS = (
					"$(inherited)",
					"@executable_path/Frameworks",
					"@loader_path/Frameworks",
				);
				PRODUCT_BUNDLE_IDENTIFIER = com.ZhongDe.DYZBTests;
				PRODUCT_NAME = "$(TARGET_NAME)";
				SWIFT_VERSION = 5.0;
				TARGETED_DEVICE_FAMILY = "1,2";
				TEST_HOST = "$(BUILT_PRODUCTS_DIR)/DYZB.app/DYZB";
			};
			name = Debug;
		};
		201E130223B35C370083EF09 /* Release */ = {
			isa = XCBuildConfiguration;
			buildSettings = {
				ALWAYS_EMBED_SWIFT_STANDARD_LIBRARIES = YES;
				BUNDLE_LOADER = "$(TEST_HOST)";
				CODE_SIGN_STYLE = Automatic;
				DEVELOPMENT_TEAM = 6GLCMX2JQ2;
				INFOPLIST_FILE = DYZBTests/Info.plist;
				IPHONEOS_DEPLOYMENT_TARGET = 13.2;
				LD_RUNPATH_SEARCH_PATHS = (
					"$(inherited)",
					"@executable_path/Frameworks",
					"@loader_path/Frameworks",
				);
				PRODUCT_BUNDLE_IDENTIFIER = com.ZhongDe.DYZBTests;
				PRODUCT_NAME = "$(TARGET_NAME)";
				SWIFT_VERSION = 5.0;
				TARGETED_DEVICE_FAMILY = "1,2";
				TEST_HOST = "$(BUILT_PRODUCTS_DIR)/DYZB.app/DYZB";
			};
			name = Release;
		};
		201E130423B35C370083EF09 /* Debug */ = {
			isa = XCBuildConfiguration;
			buildSettings = {
				ALWAYS_EMBED_SWIFT_STANDARD_LIBRARIES = YES;
				CODE_SIGN_STYLE = Automatic;
				DEVELOPMENT_TEAM = 6GLCMX2JQ2;
				INFOPLIST_FILE = DYZBUITests/Info.plist;
				LD_RUNPATH_SEARCH_PATHS = (
					"$(inherited)",
					"@executable_path/Frameworks",
					"@loader_path/Frameworks",
				);
				PRODUCT_BUNDLE_IDENTIFIER = com.ZhongDe.DYZBUITests;
				PRODUCT_NAME = "$(TARGET_NAME)";
				SWIFT_VERSION = 5.0;
				TARGETED_DEVICE_FAMILY = "1,2";
				TEST_TARGET_NAME = DYZB;
			};
			name = Debug;
		};
		201E130523B35C370083EF09 /* Release */ = {
			isa = XCBuildConfiguration;
			buildSettings = {
				ALWAYS_EMBED_SWIFT_STANDARD_LIBRARIES = YES;
				CODE_SIGN_STYLE = Automatic;
				DEVELOPMENT_TEAM = 6GLCMX2JQ2;
				INFOPLIST_FILE = DYZBUITests/Info.plist;
				LD_RUNPATH_SEARCH_PATHS = (
					"$(inherited)",
					"@executable_path/Frameworks",
					"@loader_path/Frameworks",
				);
				PRODUCT_BUNDLE_IDENTIFIER = com.ZhongDe.DYZBUITests;
				PRODUCT_NAME = "$(TARGET_NAME)";
				SWIFT_VERSION = 5.0;
				TARGETED_DEVICE_FAMILY = "1,2";
				TEST_TARGET_NAME = DYZB;
			};
			name = Release;
		};
/* End XCBuildConfiguration section */

/* Begin XCConfigurationList section */
		201E12CE23B35C330083EF09 /* Build configuration list for PBXProject "DYZB" */ = {
			isa = XCConfigurationList;
			buildConfigurations = (
				201E12FB23B35C370083EF09 /* Debug */,
				201E12FC23B35C370083EF09 /* Release */,
			);
			defaultConfigurationIsVisible = 0;
			defaultConfigurationName = Release;
		};
		201E12FD23B35C370083EF09 /* Build configuration list for PBXNativeTarget "DYZB" */ = {
			isa = XCConfigurationList;
			buildConfigurations = (
				201E12FE23B35C370083EF09 /* Debug */,
				201E12FF23B35C370083EF09 /* Release */,
			);
			defaultConfigurationIsVisible = 0;
			defaultConfigurationName = Release;
		};
		201E130023B35C370083EF09 /* Build configuration list for PBXNativeTarget "DYZBTests" */ = {
			isa = XCConfigurationList;
			buildConfigurations = (
				201E130123B35C370083EF09 /* Debug */,
				201E130223B35C370083EF09 /* Release */,
			);
			defaultConfigurationIsVisible = 0;
			defaultConfigurationName = Release;
		};
		201E130323B35C370083EF09 /* Build configuration list for PBXNativeTarget "DYZBUITests" */ = {
			isa = XCConfigurationList;
			buildConfigurations = (
				201E130423B35C370083EF09 /* Debug */,
				201E130523B35C370083EF09 /* Release */,
			);
			defaultConfigurationIsVisible = 0;
			defaultConfigurationName = Release;
		};
/* End XCConfigurationList section */
	};
	rootObject = 201E12CB23B35C330083EF09 /* Project object */;
}
